// !$*UTF8*$!
{
	archiveVersion = 1;
	classes = {
	};
	objectVersion = 52;
	objects = {

/* Begin PBXBuildFile section */
		4303D47F270DD78F00717DDF /* AppDelegate.swift in Sources */ = {isa = PBXBuildFile; fileRef = 4303D47E270DD78F00717DDF /* AppDelegate.swift */; };
		4303D481270DD78F00717DDF /* SceneDelegate.swift in Sources */ = {isa = PBXBuildFile; fileRef = 4303D480270DD78F00717DDF /* SceneDelegate.swift */; };
		4303D488270DD79000717DDF /* Assets.xcassets in Resources */ = {isa = PBXBuildFile; fileRef = 4303D487270DD79000717DDF /* Assets.xcassets */; };
		4303D48B270DD79000717DDF /* LaunchScreen.storyboard in Resources */ = {isa = PBXBuildFile; fileRef = 4303D489270DD79000717DDF /* LaunchScreen.storyboard */; };
		4303D493270DDA1300717DDF /* ContactListVC.swift in Sources */ = {isa = PBXBuildFile; fileRef = 4303D492270DDA1300717DDF /* ContactListVC.swift */; };
		4303D496270DDCDA00717DDF /* UIView+Ext.swift in Sources */ = {isa = PBXBuildFile; fileRef = 4303D495270DDCDA00717DDF /* UIView+Ext.swift */; };
		434F64D1270E3AE50002ED02 /* SwiftUIFontIcon in Frameworks */ = {isa = PBXBuildFile; productRef = 434F64D0270E3AE50002ED02 /* SwiftUIFontIcon */; };
		434F64D6270F482C0002ED02 /* ContactVC.swift in Sources */ = {isa = PBXBuildFile; fileRef = 434F64D5270F482C0002ED02 /* ContactVC.swift */; };
		434F64D8270F7A6F0002ED02 /* ImageData.swift in Sources */ = {isa = PBXBuildFile; fileRef = 434F64D7270F7A6F0002ED02 /* ImageData.swift */; };
		43A32293270FB14A001E65E2 /* AddContactV.swift in Sources */ = {isa = PBXBuildFile; fileRef = 43A32292270FB14A001E65E2 /* AddContactV.swift */; };
		43A32295270FFE44001E65E2 /* ContactInfo.swift in Sources */ = {isa = PBXBuildFile; fileRef = 43A32294270FFE44001E65E2 /* ContactInfo.swift */; };
		43AE5637270DE9950081313B /* ContactCell.swift in Sources */ = {isa = PBXBuildFile; fileRef = 43AE5635270DE9950081313B /* ContactCell.swift */; };
		43AE5638270DE9950081313B /* ContactCell.xib in Resources */ = {isa = PBXBuildFile; fileRef = 43AE5636270DE9950081313B /* ContactCell.xib */; };
		43AE563B270DEFE40081313B /* Contact.swift in Sources */ = {isa = PBXBuildFile; fileRef = 43AE563A270DEFE40081313B /* Contact.swift */; };
		43AE563E270DF08B0081313B /* Constants.swift in Sources */ = {isa = PBXBuildFile; fileRef = 43AE563D270DF08B0081313B /* Constants.swift */; };
/* End PBXBuildFile section */

/* Begin PBXFileReference section */
		4303D47B270DD78F00717DDF /* UIKit-CRUD.app */ = {isa = PBXFileReference; explicitFileType = wrapper.application; includeInIndex = 0; path = "UIKit-CRUD.app"; sourceTree = BUILT_PRODUCTS_DIR; };
		4303D47E270DD78F00717DDF /* AppDelegate.swift */ = {isa = PBXFileReference; lastKnownFileType = sourcecode.swift; path = AppDelegate.swift; sourceTree = "<group>"; };
		4303D480270DD78F00717DDF /* SceneDelegate.swift */ = {isa = PBXFileReference; lastKnownFileType = sourcecode.swift; path = SceneDelegate.swift; sourceTree = "<group>"; };
		4303D487270DD79000717DDF /* Assets.xcassets */ = {isa = PBXFileReference; lastKnownFileType = folder.assetcatalog; path = Assets.xcassets; sourceTree = "<group>"; };
		4303D48A270DD79000717DDF /* Base */ = {isa = PBXFileReference; lastKnownFileType = file.storyboard; name = Base; path = Base.lproj/LaunchScreen.storyboard; sourceTree = "<group>"; };
		4303D48C270DD79000717DDF /* Info.plist */ = {isa = PBXFileReference; lastKnownFileType = text.plist.xml; path = Info.plist; sourceTree = "<group>"; };
		4303D492270DDA1300717DDF /* ContactListVC.swift */ = {isa = PBXFileReference; lastKnownFileType = sourcecode.swift; path = ContactListVC.swift; sourceTree = "<group>"; };
		4303D495270DDCDA00717DDF /* UIView+Ext.swift */ = {isa = PBXFileReference; lastKnownFileType = sourcecode.swift; path = "UIView+Ext.swift"; sourceTree = "<group>"; };
		434F64D5270F482C0002ED02 /* ContactVC.swift */ = {isa = PBXFileReference; lastKnownFileType = sourcecode.swift; path = ContactVC.swift; sourceTree = "<group>"; };
		434F64D7270F7A6F0002ED02 /* ImageData.swift */ = {isa = PBXFileReference; lastKnownFileType = sourcecode.swift; path = ImageData.swift; sourceTree = "<group>"; };
		43A32292270FB14A001E65E2 /* AddContactV.swift */ = {isa = PBXFileReference; lastKnownFileType = sourcecode.swift; path = AddContactV.swift; sourceTree = "<group>"; };
		43A32294270FFE44001E65E2 /* ContactInfo.swift */ = {isa = PBXFileReference; lastKnownFileType = sourcecode.swift; path = ContactInfo.swift; sourceTree = "<group>"; };
		43AE5635270DE9950081313B /* ContactCell.swift */ = {isa = PBXFileReference; lastKnownFileType = sourcecode.swift; path = ContactCell.swift; sourceTree = "<group>"; };
		43AE5636270DE9950081313B /* ContactCell.xib */ = {isa = PBXFileReference; lastKnownFileType = file.xib; path = ContactCell.xib; sourceTree = "<group>"; };
		43AE563A270DEFE40081313B /* Contact.swift */ = {isa = PBXFileReference; lastKnownFileType = sourcecode.swift; path = Contact.swift; sourceTree = "<group>"; };
		43AE563D270DF08B0081313B /* Constants.swift */ = {isa = PBXFileReference; lastKnownFileType = sourcecode.swift; path = Constants.swift; sourceTree = "<group>"; };
/* End PBXFileReference section */

/* Begin PBXFrameworksBuildPhase section */
		4303D478270DD78F00717DDF /* Frameworks */ = {
			isa = PBXFrameworksBuildPhase;
			buildActionMask = 2147483647;
			files = (
				434F64D1270E3AE50002ED02 /* SwiftUIFontIcon in Frameworks */,
			);
			runOnlyForDeploymentPostprocessing = 0;
		};
/* End PBXFrameworksBuildPhase section */

/* Begin PBXGroup section */
		4303D472270DD78F00717DDF = {
			isa = PBXGroup;
			children = (
				4303D47D270DD78F00717DDF /* UIKit-CRUD */,
				4303D47C270DD78F00717DDF /* Products */,
			);
			sourceTree = "<group>";
		};
		4303D47C270DD78F00717DDF /* Products */ = {
			isa = PBXGroup;
			children = (
				4303D47B270DD78F00717DDF /* UIKit-CRUD.app */,
			);
			name = Products;
			sourceTree = "<group>";
		};
		4303D47D270DD78F00717DDF /* UIKit-CRUD */ = {
			isa = PBXGroup;
			children = (
				4303D494270DDCAA00717DDF /* Extensiond-Utilities */,
				4303D47E270DD78F00717DDF /* AppDelegate.swift */,
				4303D480270DD78F00717DDF /* SceneDelegate.swift */,
				43AE5639270DEFBB0081313B /* Model */,
				43A3228F270FB038001E65E2 /* View */,
				43A32290270FB044001E65E2 /* Controller */,
				43A32291270FB05C001E65E2 /* Cell */,
				4303D487270DD79000717DDF /* Assets.xcassets */,
				4303D489270DD79000717DDF /* LaunchScreen.storyboard */,
				4303D48C270DD79000717DDF /* Info.plist */,
			);
			path = "UIKit-CRUD";
			sourceTree = "<group>";
		};
		4303D494270DDCAA00717DDF /* Extensiond-Utilities */ = {
			isa = PBXGroup;
			children = (
				4303D495270DDCDA00717DDF /* UIView+Ext.swift */,
				43AE563D270DF08B0081313B /* Constants.swift */,
			);
			path = "Extensiond-Utilities";
			sourceTree = "<group>";
		};
		43A3228F270FB038001E65E2 /* View */ = {
			isa = PBXGroup;
			children = (
				43A32292270FB14A001E65E2 /* AddContactV.swift */,
			);
			path = View;
			sourceTree = "<group>";
		};
		43A32290270FB044001E65E2 /* Controller */ = {
			isa = PBXGroup;
			children = (
				434F64D5270F482C0002ED02 /* ContactVC.swift */,
				4303D492270DDA1300717DDF /* ContactListVC.swift */,
			);
			path = Controller;
			sourceTree = "<group>";
		};
		43A32291270FB05C001E65E2 /* Cell */ = {
			isa = PBXGroup;
			children = (
				43AE5636270DE9950081313B /* ContactCell.xib */,
				43AE5635270DE9950081313B /* ContactCell.swift */,
				43A32294270FFE44001E65E2 /* ContactInfo.swift */,
			);
			path = Cell;
			sourceTree = "<group>";
		};
		43AE5639270DEFBB0081313B /* Model */ = {
			isa = PBXGroup;
			children = (
				434F64D7270F7A6F0002ED02 /* ImageData.swift */,
				43AE563A270DEFE40081313B /* Contact.swift */,
			);
			path = Model;
			sourceTree = "<group>";
		};
/* End PBXGroup section */

/* Begin PBXNativeTarget section */
		4303D47A270DD78F00717DDF /* UIKit-CRUD */ = {
			isa = PBXNativeTarget;
			buildConfigurationList = 4303D48F270DD79000717DDF /* Build configuration list for PBXNativeTarget "UIKit-CRUD" */;
			buildPhases = (
				4303D477270DD78F00717DDF /* Sources */,
				4303D478270DD78F00717DDF /* Frameworks */,
				4303D479270DD78F00717DDF /* Resources */,
			);
			buildRules = (
			);
			dependencies = (
			);
			name = "UIKit-CRUD";
			packageProductDependencies = (
				434F64D0270E3AE50002ED02 /* SwiftUIFontIcon */,
			);
			productName = "UIKit-CRUD";
			productReference = 4303D47B270DD78F00717DDF /* UIKit-CRUD.app */;
			productType = "com.apple.product-type.application";
		};
/* End PBXNativeTarget section */

/* Begin PBXProject section */
		4303D473270DD78F00717DDF /* Project object */ = {
			isa = PBXProject;
			attributes = {
				LastSwiftUpdateCheck = 1250;
				LastUpgradeCheck = 1250;
				TargetAttributes = {
					4303D47A270DD78F00717DDF = {
						CreatedOnToolsVersion = 12.5.1;
					};
				};
			};
			buildConfigurationList = 4303D476270DD78F00717DDF /* Build configuration list for PBXProject "UIKit-CRUD" */;
			compatibilityVersion = "Xcode 9.3";
			developmentRegion = en;
			hasScannedForEncodings = 0;
			knownRegions = (
				en,
				Base,
			);
			mainGroup = 4303D472270DD78F00717DDF;
			packageReferences = (
				434F64CF270E3AE40002ED02 /* XCRemoteSwiftPackageReference "SwiftUIFontIcon" */,
			);
			productRefGroup = 4303D47C270DD78F00717DDF /* Products */;
			projectDirPath = "";
			projectRoot = "";
			targets = (
				4303D47A270DD78F00717DDF /* UIKit-CRUD */,
			);
		};
/* End PBXProject section */

/* Begin PBXResourcesBuildPhase section */
		4303D479270DD78F00717DDF /* Resources */ = {
			isa = PBXResourcesBuildPhase;
			buildActionMask = 2147483647;
			files = (
				43AE5638270DE9950081313B /* ContactCell.xib in Resources */,
				4303D48B270DD79000717DDF /* LaunchScreen.storyboard in Resources */,
				4303D488270DD79000717DDF /* Assets.xcassets in Resources */,
			);
			runOnlyForDeploymentPostprocessing = 0;
		};
/* End PBXResourcesBuildPhase section */

/* Begin PBXSourcesBuildPhase section */
		4303D477270DD78F00717DDF /* Sources */ = {
			isa = PBXSourcesBuildPhase;
			buildActionMask = 2147483647;
			files = (
				43AE563B270DEFE40081313B /* Contact.swift in Sources */,
				43A32293270FB14A001E65E2 /* AddContactV.swift in Sources */,
				43AE5637270DE9950081313B /* ContactCell.swift in Sources */,
				4303D496270DDCDA00717DDF /* UIView+Ext.swift in Sources */,
				4303D47F270DD78F00717DDF /* AppDelegate.swift in Sources */,
				43AE563E270DF08B0081313B /* Constants.swift in Sources */,
				434F64D8270F7A6F0002ED02 /* ImageData.swift in Sources */,
				4303D481270DD78F00717DDF /* SceneDelegate.swift in Sources */,
				43A32295270FFE44001E65E2 /* ContactInfo.swift in Sources */,
				4303D493270DDA1300717DDF /* ContactListVC.swift in Sources */,
				434F64D6270F482C0002ED02 /* ContactVC.swift in Sources */,
			);
			runOnlyForDeploymentPostprocessing = 0;
		};
/* End PBXSourcesBuildPhase section */

/* Begin PBXVariantGroup section */
		4303D489270DD79000717DDF /* LaunchScreen.storyboard */ = {
			isa = PBXVariantGroup;
			children = (
				4303D48A270DD79000717DDF /* Base */,
			);
			name = LaunchScreen.storyboard;
			sourceTree = "<group>";
		};
/* End PBXVariantGroup section */

/* Begin XCBuildConfiguration section */
		4303D48D270DD79000717DDF /* Debug */ = {
			isa = XCBuildConfiguration;
			buildSettings = {
				ALWAYS_SEARCH_USER_PATHS = NO;
				CLANG_ANALYZER_NONNULL = YES;
				CLANG_ANALYZER_NUMBER_OBJECT_CONVERSION = YES_AGGRESSIVE;
				CLANG_CXX_LANGUAGE_STANDARD = "gnu++14";
				CLANG_CXX_LIBRARY = "libc++";
				CLANG_ENABLE_MODULES = YES;
				CLANG_ENABLE_OBJC_ARC = YES;
				CLANG_ENABLE_OBJC_WEAK = YES;
				CLANG_WARN_BLOCK_CAPTURE_AUTORELEASING = YES;
				CLANG_WARN_BOOL_CONVERSION = YES;
				CLANG_WARN_COMMA = YES;
				CLANG_WARN_CONSTANT_CONVERSION = YES;
				CLANG_WARN_DEPRECATED_OBJC_IMPLEMENTATIONS = YES;
				CLANG_WARN_DIRECT_OBJC_ISA_USAGE = YES_ERROR;
				CLANG_WARN_DOCUMENTATION_COMMENTS = YES;
				CLANG_WARN_EMPTY_BODY = YES;
				CLANG_WARN_ENUM_CONVERSION = YES;
				CLANG_WARN_INFINITE_RECURSION = YES;
				CLANG_WARN_INT_CONVERSION = YES;
				CLANG_WARN_NON_LITERAL_NULL_CONVERSION = YES;
				CLANG_WARN_OBJC_IMPLICIT_RETAIN_SELF = YES;
				CLANG_WARN_OBJC_LITERAL_CONVERSION = YES;
				CLANG_WARN_OBJC_ROOT_CLASS = YES_ERROR;
				CLANG_WARN_QUOTED_INCLUDE_IN_FRAMEWORK_HEADER = YES;
				CLANG_WARN_RANGE_LOOP_ANALYSIS = YES;
				CLANG_WARN_STRICT_PROTOTYPES = YES;
				CLANG_WARN_SUSPICIOUS_MOVE = YES;
				CLANG_WARN_UNGUARDED_AVAILABILITY = YES_AGGRESSIVE;
				CLANG_WARN_UNREACHABLE_CODE = YES;
				CLANG_WARN__DUPLICATE_METHOD_MATCH = YES;
				COPY_PHASE_STRIP = NO;
				DEBUG_INFORMATION_FORMAT = dwarf;
				ENABLE_STRICT_OBJC_MSGSEND = YES;
				ENABLE_TESTABILITY = YES;
				GCC_C_LANGUAGE_STANDARD = gnu11;
				GCC_DYNAMIC_NO_PIC = NO;
				GCC_NO_COMMON_BLOCKS = YES;
				GCC_OPTIMIZATION_LEVEL = 0;
				GCC_PREPROCESSOR_DEFINITIONS = (
					"DEBUG=1",
					"$(inherited)",
				);
				GCC_WARN_64_TO_32_BIT_CONVERSION = YES;
				GCC_WARN_ABOUT_RETURN_TYPE = YES_ERROR;
				GCC_WARN_UNDECLARED_SELECTOR = YES;
				GCC_WARN_UNINITIALIZED_AUTOS = YES_AGGRESSIVE;
				GCC_WARN_UNUSED_FUNCTION = YES;
				GCC_WARN_UNUSED_VARIABLE = YES;
				IPHONEOS_DEPLOYMENT_TARGET = 14.5;
				MTL_ENABLE_DEBUG_INFO = INCLUDE_SOURCE;
				MTL_FAST_MATH = YES;
				ONLY_ACTIVE_ARCH = YES;
				SDKROOT = iphoneos;
				SWIFT_ACTIVE_COMPILATION_CONDITIONS = DEBUG;
				SWIFT_OPTIMIZATION_LEVEL = "-Onone";
			};
			name = Debug;
		};
		4303D48E270DD79000717DDF /* Release */ = {
			isa = XCBuildConfiguration;
			buildSettings = {
				ALWAYS_SEARCH_USER_PATHS = NO;
				CLANG_ANALYZER_NONNULL = YES;
				CLANG_ANALYZER_NUMBER_OBJECT_CONVERSION = YES_AGGRESSIVE;
				CLANG_CXX_LANGUAGE_STANDARD = "gnu++14";
				CLANG_CXX_LIBRARY = "libc++";
				CLANG_ENABLE_MODULES = YES;
				CLANG_ENABLE_OBJC_ARC = YES;
				CLANG_ENABLE_OBJC_WEAK = YES;
				CLANG_WARN_BLOCK_CAPTURE_AUTORELEASING = YES;
				CLANG_WARN_BOOL_CONVERSION = YES;
				CLANG_WARN_COMMA = YES;
				CLANG_WARN_CONSTANT_CONVERSION = YES;
				CLANG_WARN_DEPRECATED_OBJC_IMPLEMENTATIONS = YES;
				CLANG_WARN_DIRECT_OBJC_ISA_USAGE = YES_ERROR;
				CLANG_WARN_DOCUMENTATION_COMMENTS = YES;
				CLANG_WARN_EMPTY_BODY = YES;
				CLANG_WARN_ENUM_CONVERSION = YES;
				CLANG_WARN_INFINITE_RECURSION = YES;
				CLANG_WARN_INT_CONVERSION = YES;
				CLANG_WARN_NON_LITERAL_NULL_CONVERSION = YES;
				CLANG_WARN_OBJC_IMPLICIT_RETAIN_SELF = YES;
				CLANG_WARN_OBJC_LITERAL_CONVERSION = YES;
				CLANG_WARN_OBJC_ROOT_CLASS = YES_ERROR;
				CLANG_WARN_QUOTED_INCLUDE_IN_FRAMEWORK_HEADER = YES;
				CLANG_WARN_RANGE_LOOP_ANALYSIS = YES;
				CLANG_WARN_STRICT_PROTOTYPES = YES;
				CLANG_WARN_SUSPICIOUS_MOVE = YES;
				CLANG_WARN_UNGUARDED_AVAILABILITY = YES_AGGRESSIVE;
				CLANG_WARN_UNREACHABLE_CODE = YES;
				CLANG_WARN__DUPLICATE_METHOD_MATCH = YES;
				COPY_PHASE_STRIP = NO;
				DEBUG_INFORMATION_FORMAT = "dwarf-with-dsym";
				ENABLE_NS_ASSERTIONS = NO;
				ENABLE_STRICT_OBJC_MSGSEND = YES;
				GCC_C_LANGUAGE_STANDARD = gnu11;
				GCC_NO_COMMON_BLOCKS = YES;
				GCC_WARN_64_TO_32_BIT_CONVERSION = YES;
				GCC_WARN_ABOUT_RETURN_TYPE = YES_ERROR;
				GCC_WARN_UNDECLARED_SELECTOR = YES;
				GCC_WARN_UNINITIALIZED_AUTOS = YES_AGGRESSIVE;
				GCC_WARN_UNUSED_FUNCTION = YES;
				GCC_WARN_UNUSED_VARIABLE = YES;
				IPHONEOS_DEPLOYMENT_TARGET = 14.5;
				MTL_ENABLE_DEBUG_INFO = NO;
				MTL_FAST_MATH = YES;
				SDKROOT = iphoneos;
				SWIFT_COMPILATION_MODE = wholemodule;
				SWIFT_OPTIMIZATION_LEVEL = "-O";
				VALIDATE_PRODUCT = YES;
			};
			name = Release;
		};
		4303D490270DD79000717DDF /* Debug */ = {
			isa = XCBuildConfiguration;
			buildSettings = {
				ASSETCATALOG_COMPILER_APPICON_NAME = AppIcon;
				ASSETCATALOG_COMPILER_GLOBAL_ACCENT_COLOR_NAME = AccentColor;
				CODE_SIGN_STYLE = Automatic;
				DEVELOPMENT_TEAM = H25ZLJBH64;
				INFOPLIST_FILE = "UIKit-CRUD/Info.plist";
				LD_RUNPATH_SEARCH_PATHS = (
					"$(inherited)",
					"@executable_path/Frameworks",
				);
				PRODUCT_BUNDLE_IDENTIFIER = "krain.UIKit-CRUD";
				PRODUCT_NAME = "$(TARGET_NAME)";
				SWIFT_VERSION = 5.0;
				TARGETED_DEVICE_FAMILY = "1,2";
			};
			name = Debug;
		};
		4303D491270DD79000717DDF /* Release */ = {
			isa = XCBuildConfiguration;
			buildSettings = {
				ASSETCATALOG_COMPILER_APPICON_NAME = AppIcon;
				ASSETCATALOG_COMPILER_GLOBAL_ACCENT_COLOR_NAME = AccentColor;
				CODE_SIGN_STYLE = Automatic;
				DEVELOPMENT_TEAM = H25ZLJBH64;
				INFOPLIST_FILE = "UIKit-CRUD/Info.plist";
				LD_RUNPATH_SEARCH_PATHS = (
					"$(inherited)",
					"@executable_path/Frameworks",
				);
				PRODUCT_BUNDLE_IDENTIFIER = "krain.UIKit-CRUD";
				PRODUCT_NAME = "$(TARGET_NAME)";
				SWIFT_VERSION = 5.0;
				TARGETED_DEVICE_FAMILY = "1,2";
			};
			name = Release;
		};
/* End XCBuildConfiguration section */

/* Begin XCConfigurationList section */
		4303D476270DD78F00717DDF /* Build configuration list for PBXProject "UIKit-CRUD" */ = {
			isa = XCConfigurationList;
			buildConfigurations = (
				4303D48D270DD79000717DDF /* Debug */,
				4303D48E270DD79000717DDF /* Release */,
			);
			defaultConfigurationIsVisible = 0;
			defaultConfigurationName = Release;
		};
		4303D48F270DD79000717DDF /* Build configuration list for PBXNativeTarget "UIKit-CRUD" */ = {
			isa = XCConfigurationList;
			buildConfigurations = (
				4303D490270DD79000717DDF /* Debug */,
				4303D491270DD79000717DDF /* Release */,
			);
			defaultConfigurationIsVisible = 0;
			defaultConfigurationName = Release;
		};
/* End XCConfigurationList section */

/* Begin XCRemoteSwiftPackageReference section */
		434F64CF270E3AE40002ED02 /* XCRemoteSwiftPackageReference "SwiftUIFontIcon" */ = {
			isa = XCRemoteSwiftPackageReference;
			repositoryURL = "https://github.com/huybuidac/SwiftUIFontIcon";
			requirement = {
				kind = upToNextMajorVersion;
				minimumVersion = 2.0.0;
			};
		};
/* End XCRemoteSwiftPackageReference section */

/* Begin XCSwiftPackageProductDependency section */
		434F64D0270E3AE50002ED02 /* SwiftUIFontIcon */ = {
			isa = XCSwiftPackageProductDependency;
			package = 434F64CF270E3AE40002ED02 /* XCRemoteSwiftPackageReference "SwiftUIFontIcon" */;
			productName = SwiftUIFontIcon;
		};
/* End XCSwiftPackageProductDependency section */
	};
	rootObject = 4303D473270DD78F00717DDF /* Project object */;
}
